
Microsoft Visual Studio Solution File, Format Version 12.00
# Visual Studio Version 17
VisualStudioVersion = 17.7.34009.444
MinimumVisualStudioVersion = 10.0.40219.1
Project("{8BC9CEB8-8B4A-11D0-8D11-00A0C91BC942}") = "W2", "W2\W2.vcxproj", "{EB39535E-F009-4B82-B1D0-530B52FC5D02}"
EndProject
Project("{8BC9CEB8-8B4A-11D0-8D11-00A0C91BC942}") = "W2_2", "W2_2\W2_2.vcxproj", "{2673E8F2-049F-4944-9702-18F5C60CB047}"
EndProject
Project("{8BC9CEB8-8B4A-11D0-8D11-00A0C91BC942}") = "W2_3", "W2_3\W2_3.vcxproj", "{D8844BF6-30D0-4527-A143-6C89C19B2D64}"
EndProject
Project("{8BC9CEB8-8B4A-11D0-8D11-00A0C91BC942}") = "W2_4", "W2_4\W2_4.vcxproj", "{8BD2FE9A-F69F-4DCF-A733-67AB4DBC4B11}"
EndProject
Project("{8BC9CEB8-8B4A-11D0-8D11-00A0C91BC942}") = "W2_5", "W2_5\W2_5.vcxproj", "{3D74BD25-4FB6-4BB3-BE95-8EE356CB2F82}"
EndProject
Project("{8BC9CEB8-8B4A-11D0-8D11-00A0C91BC942}") = "W2_6", "W2_6\W2_6.vcxproj", "{1ABD0886-7AA3-4DBF-97AE-B384FD88F198}"
EndProject
Project("{8BC9CEB8-8B4A-11D0-8D11-00A0C91BC942}") = "W2_7", "W2_7\W2_7.vcxproj", "{1AA26BDB-A1E7-4A94-8627-3333628DB9F2}"
EndProject
Project("{8BC9CEB8-8B4A-11D0-8D11-00A0C91BC942}") = "W2_8", "W2_8\W2_8.vcxproj", "{E7E864C7-1181-4104-A4A2-C5B2B1042961}"
EndProject
Project("{8BC9CEB8-8B4A-11D0-8D11-00A0C91BC942}") = "W2_9", "W2_9\W2_9.vcxproj", "{6240F79F-F44D-403D-AFFC-F5B1A853A169}"
EndProject
Global
	GlobalSection(SolutionConfigurationPlatforms) = preSolution
		Debug|x64 = Debug|x64
		Debug|x86 = Debug|x86
		Release|x64 = Release|x64
		Release|x86 = Release|x86
	EndGlobalSection
	GlobalSection(ProjectConfigurationPlatforms) = postSolution
		{EB39535E-F009-4B82-B1D0-530B52FC5D02}.Debug|x64.ActiveCfg = Debug|x64
		{EB39535E-F009-4B82-B1D0-530B52FC5D02}.Debug|x64.Build.0 = Debug|x64
		{EB39535E-F009-4B82-B1D0-530B52FC5D02}.Debug|x86.ActiveCfg = Debug|Win32
		{EB39535E-F009-4B82-B1D0-530B52FC5D02}.Debug|x86.Build.0 = Debug|Win32
		{EB39535E-F009-4B82-B1D0-530B52FC5D02}.Release|x64.ActiveCfg = Release|x64
		{EB39535E-F009-4B82-B1D0-530B52FC5D02}.Release|x64.Build.0 = Release|x64
		{EB39535E-F009-4B82-B1D0-530B52FC5D02}.Release|x86.ActiveCfg = Release|Win32
		{EB39535E-F009-4B82-B1D0-530B52FC5D02}.Release|x86.Build.0 = Release|Win32
		{2673E8F2-049F-4944-9702-18F5C60CB047}.Debug|x64.ActiveCfg = Debug|x64
		{2673E8F2-049F-4944-9702-18F5C60CB047}.Debug|x64.Build.0 = Debug|x64
		{2673E8F2-049F-4944-9702-18F5C60CB047}.Debug|x86.ActiveCfg = Debug|Win32
		{2673E8F2-049F-4944-9702-18F5C60CB047}.Debug|x86.Build.0 = Debug|Win32
		{2673E8F2-049F-4944-9702-18F5C60CB047}.Release|x64.ActiveCfg = Release|x64
		{2673E8F2-049F-4944-9702-18F5C60CB047}.Release|x64.Build.0 = Release|x64
		{2673E8F2-049F-4944-9702-18F5C60CB047}.Release|x86.ActiveCfg = Release|Win32
		{2673E8F2-049F-4944-9702-18F5C60CB047}.Release|x86.Build.0 = Release|Win32
		{D8844BF6-30D0-4527-A143-6C89C19B2D64}.Debug|x64.ActiveCfg = Debug|x64
		{D8844BF6-30D0-4527-A143-6C89C19B2D64}.Debug|x64.Build.0 = Debug|x64
		{D8844BF6-30D0-4527-A143-6C89C19B2D64}.Debug|x86.ActiveCfg = Debug|Win32
		{D8844BF6-30D0-4527-A143-6C89C19B2D64}.Debug|x86.Build.0 = Debug|Win32
		{D8844BF6-30D0-4527-A143-6C89C19B2D64}.Release|x64.ActiveCfg = Release|x64
		{D8844BF6-30D0-4527-A143-6C89C19B2D64}.Release|x64.Build.0 = Release|x64
		{D8844BF6-30D0-4527-A143-6C89C19B2D64}.Release|x86.ActiveCfg = Release|Win32
		{D8844BF6-30D0-4527-A143-6C89C19B2D64}.Release|x86.Build.0 = Release|Win32
		{8BD2FE9A-F69F-4DCF-A733-67AB4DBC4B11}.Debug|x64.ActiveCfg = Debug|x64
		{8BD2FE9A-F69F-4DCF-A733-67AB4DBC4B11}.Debug|x64.Build.0 = Debug|x64
		{8BD2FE9A-F69F-4DCF-A733-67AB4DBC4B11}.Debug|x86.ActiveCfg = Debug|Win32
		{8BD2FE9A-F69F-4DCF-A733-67AB4DBC4B11}.Debug|x86.Build.0 = Debug|Win32
		{8BD2FE9A-F69F-4DCF-A733-67AB4DBC4B11}.Release|x64.ActiveCfg = Release|x64
		{8BD2FE9A-F69F-4DCF-A733-67AB4DBC4B11}.Release|x64.Build.0 = Release|x64
		{8BD2FE9A-F69F-4DCF-A733-67AB4DBC4B11}.Release|x86.ActiveCfg = Release|Win32
		{8BD2FE9A-F69F-4DCF-A733-67AB4DBC4B11}.Release|x86.Build.0 = Release|Win32
		{3D74BD25-4FB6-4BB3-BE95-8EE356CB2F82}.Debug|x64.ActiveCfg = Debug|x64
		{3D74BD25-4FB6-4BB3-BE95-8EE356CB2F82}.Debug|x64.Build.0 = Debug|x64
		{3D74BD25-4FB6-4BB3-BE95-8EE356CB2F82}.Debug|x86.ActiveCfg = Debug|Win32
		{3D74BD25-4FB6-4BB3-BE95-8EE356CB2F82}.Debug|x86.Build.0 = Debug|Win32
		{3D74BD25-4FB6-4BB3-BE95-8EE356CB2F82}.Release|x64.ActiveCfg = Release|x64
		{3D74BD25-4FB6-4BB3-BE95-8EE356CB2F82}.Release|x64.Build.0 = Release|x64
		{3D74BD25-4FB6-4BB3-BE95-8EE356CB2F82}.Release|x86.ActiveCfg = Release|Win32
		{3D74BD25-4FB6-4BB3-BE95-8EE356CB2F82}.Release|x86.Build.0 = Release|Win32
		{1ABD0886-7AA3-4DBF-97AE-B384FD88F198}.Debug|x64.ActiveCfg = Debug|x64
		{1ABD0886-7AA3-4DBF-97AE-B384FD88F198}.Debug|x64.Build.0 = Debug|x64
		{1ABD0886-7AA3-4DBF-97AE-B384FD88F198}.Debug|x86.ActiveCfg = Debug|Win32
		{1ABD0886-7AA3-4DBF-97AE-B384FD88F198}.Debug|x86.Build.0 = Debug|Win32
		{1ABD0886-7AA3-4DBF-97AE-B384FD88F198}.Release|x64.ActiveCfg = Release|x64
		{1ABD0886-7AA3-4DBF-97AE-B384FD88F198}.Release|x64.Build.0 = Release|x64
		{1ABD0886-7AA3-4DBF-97AE-B384FD88F198}.Release|x86.ActiveCfg = Release|Win32
		{1ABD0886-7AA3-4DBF-97AE-B384FD88F198}.Release|x86.Build.0 = Release|Win32
		{1AA26BDB-A1E7-4A94-8627-3333628DB9F2}.Debug|x64.ActiveCfg = Debug|x64
		{1AA26BDB-A1E7-4A94-8627-3333628DB9F2}.Debug|x64.Build.0 = Debug|x64
		{1AA26BDB-A1E7-4A94-8627-3333628DB9F2}.Debug|x86.ActiveCfg = Debug|Win32
		{1AA26BDB-A1E7-4A94-8627-3333628DB9F2}.Debug|x86.Build.0 = Debug|Win32
		{1AA26BDB-A1E7-4A94-8627-3333628DB9F2}.Release|x64.ActiveCfg = Release|x64
		{1AA26BDB-A1E7-4A94-8627-3333628DB9F2}.Release|x64.Build.0 = Release|x64
		{1AA26BDB-A1E7-4A94-8627-3333628DB9F2}.Release|x86.ActiveCfg = Release|Win32
		{1AA26BDB-A1E7-4A94-8627-3333628DB9F2}.Release|x86.Build.0 = Release|Win32
		{E7E864C7-1181-4104-A4A2-C5B2B1042961}.Debug|x64.ActiveCfg = Debug|x64
		{E7E864C7-1181-4104-A4A2-C5B2B1042961}.Debug|x64.Build.0 = Debug|x64
		{E7E864C7-1181-4104-A4A2-C5B2B1042961}.Debug|x86.ActiveCfg = Debug|Win32
		{E7E864C7-1181-4104-A4A2-C5B2B1042961}.Debug|x86.Build.0 = Debug|Win32
		{E7E864C7-1181-4104-A4A2-C5B2B1042961}.Release|x64.ActiveCfg = Release|x64
		{E7E864C7-1181-4104-A4A2-C5B2B1042961}.Release|x64.Build.0 = Release|x64
		{E7E864C7-1181-4104-A4A2-C5B2B1042961}.Release|x86.ActiveCfg = Release|Win32
		{E7E864C7-1181-4104-A4A2-C5B2B1042961}.Release|x86.Build.0 = Release|Win32
		{6240F79F-F44D-403D-AFFC-F5B1A853A169}.Debug|x64.ActiveCfg = Debug|x64
		{6240F79F-F44D-403D-AFFC-F5B1A853A169}.Debug|x64.Build.0 = Debug|x64
		{6240F79F-F44D-403D-AFFC-F5B1A853A169}.Debug|x86.ActiveCfg = Debug|Win32
		{6240F79F-F44D-403D-AFFC-F5B1A853A169}.Debug|x86.Build.0 = Debug|Win32
		{6240F79F-F44D-403D-AFFC-F5B1A853A169}.Release|x64.ActiveCfg = Release|x64
		{6240F79F-F44D-403D-AFFC-F5B1A853A169}.Release|x64.Build.0 = Release|x64
		{6240F79F-F44D-403D-AFFC-F5B1A853A169}.Release|x86.ActiveCfg = Release|Win32
		{6240F79F-F44D-403D-AFFC-F5B1A853A169}.Release|x86.Build.0 = Release|Win32
	EndGlobalSection
	GlobalSection(SolutionProperties) = preSolution
		HideSolutionNode = FALSE
	EndGlobalSection
	GlobalSection(ExtensibilityGlobals) = postSolution
		SolutionGuid = {DFC5AFF1-05F5-43E0-926F-49F546B9E367}
	EndGlobalSection
EndGlobal
