
Microsoft Visual Studio Solution File, Format Version 12.00
# Visual Studio Version 16
VisualStudioVersion = 16.0.32106.194
MinimumVisualStudioVersion = 10.0.40219.1
Project("{FAE04EC0-301F-11D3-BF4B-00C04F79EFBC}") = "ConsoleApp3", "ConsoleApp3\ConsoleApp3.csproj", "{5C7D90A9-A1AA-4B2B-A11E-120DA66DE956}"
EndProject
Project("{FAE04EC0-301F-11D3-BF4B-00C04F79EFBC}") = "ConsoleApp3.1", "ConsoleApp3.1\ConsoleApp3.1.csproj", "{AE4CA5B6-D602-4434-9853-889CFED8F91F}"
EndProject
Project("{FAE04EC0-301F-11D3-BF4B-00C04F79EFBC}") = "ConsoleApp3.2", "ConsoleApp3.2\ConsoleApp3.2.csproj", "{35D0D5F6-A1EC-4953-B55E-27888139F3BF}"
EndProject
Project("{FAE04EC0-301F-11D3-BF4B-00C04F79EFBC}") = "ConsoleApp3.3", "ConsoleApp3.3\ConsoleApp3.3.csproj", "{F2EB0DF8-D94E-4AC2-AD7A-1365BE6B7F7F}"
EndProject
Project("{FAE04EC0-301F-11D3-BF4B-00C04F79EFBC}") = "ConsoleApp3.4", "ConsoleApp3.4\ConsoleApp3.4.csproj", "{40553D85-FE04-461C-95B0-C8A96A5D66BA}"
EndProject
Project("{FAE04EC0-301F-11D3-BF4B-00C04F79EFBC}") = "ConsoleApp3.5", "ConsoleApp3.5\ConsoleApp3.5.csproj", "{C0ABF6D0-BC23-49F9-B226-0787F8C0906A}"
EndProject
Global
	GlobalSection(SolutionConfigurationPlatforms) = preSolution
		Debug|Any CPU = Debug|Any CPU
		Release|Any CPU = Release|Any CPU
	EndGlobalSection
	GlobalSection(ProjectConfigurationPlatforms) = postSolution
		{5C7D90A9-A1AA-4B2B-A11E-120DA66DE956}.Debug|Any CPU.ActiveCfg = Debug|Any CPU
		{5C7D90A9-A1AA-4B2B-A11E-120DA66DE956}.Debug|Any CPU.Build.0 = Debug|Any CPU
		{5C7D90A9-A1AA-4B2B-A11E-120DA66DE956}.Release|Any CPU.ActiveCfg = Release|Any CPU
		{5C7D90A9-A1AA-4B2B-A11E-120DA66DE956}.Release|Any CPU.Build.0 = Release|Any CPU
		{AE4CA5B6-D602-4434-9853-889CFED8F91F}.Debug|Any CPU.ActiveCfg = Debug|Any CPU
		{AE4CA5B6-D602-4434-9853-889CFED8F91F}.Debug|Any CPU.Build.0 = Debug|Any CPU
		{AE4CA5B6-D602-4434-9853-889CFED8F91F}.Release|Any CPU.ActiveCfg = Release|Any CPU
		{AE4CA5B6-D602-4434-9853-889CFED8F91F}.Release|Any CPU.Build.0 = Release|Any CPU
		{35D0D5F6-A1EC-4953-B55E-27888139F3BF}.Debug|Any CPU.ActiveCfg = Debug|Any CPU
		{35D0D5F6-A1EC-4953-B55E-27888139F3BF}.Debug|Any CPU.Build.0 = Debug|Any CPU
		{35D0D5F6-A1EC-4953-B55E-27888139F3BF}.Release|Any CPU.ActiveCfg = Release|Any CPU
		{35D0D5F6-A1EC-4953-B55E-27888139F3BF}.Release|Any CPU.Build.0 = Release|Any CPU
		{F2EB0DF8-D94E-4AC2-AD7A-1365BE6B7F7F}.Debug|Any CPU.ActiveCfg = Debug|Any CPU
		{F2EB0DF8-D94E-4AC2-AD7A-1365BE6B7F7F}.Debug|Any CPU.Build.0 = Debug|Any CPU
		{F2EB0DF8-D94E-4AC2-AD7A-1365BE6B7F7F}.Release|Any CPU.ActiveCfg = Release|Any CPU
		{F2EB0DF8-D94E-4AC2-AD7A-1365BE6B7F7F}.Release|Any CPU.Build.0 = Release|Any CPU
		{40553D85-FE04-461C-95B0-C8A96A5D66BA}.Debug|Any CPU.ActiveCfg = Debug|Any CPU
		{40553D85-FE04-461C-95B0-C8A96A5D66BA}.Debug|Any CPU.Build.0 = Debug|Any CPU
		{40553D85-FE04-461C-95B0-C8A96A5D66BA}.Release|Any CPU.ActiveCfg = Release|Any CPU
		{40553D85-FE04-461C-95B0-C8A96A5D66BA}.Release|Any CPU.Build.0 = Release|Any CPU
		{C0ABF6D0-BC23-49F9-B226-0787F8C0906A}.Debug|Any CPU.ActiveCfg = Debug|Any CPU
		{C0ABF6D0-BC23-49F9-B226-0787F8C0906A}.Debug|Any CPU.Build.0 = Debug|Any CPU
		{C0ABF6D0-BC23-49F9-B226-0787F8C0906A}.Release|Any CPU.ActiveCfg = Release|Any CPU
		{C0ABF6D0-BC23-49F9-B226-0787F8C0906A}.Release|Any CPU.Build.0 = Release|Any CPU
	EndGlobalSection
	GlobalSection(SolutionProperties) = preSolution
		HideSolutionNode = FALSE
	EndGlobalSection
	GlobalSection(ExtensibilityGlobals) = postSolution
		SolutionGuid = {654B0E49-DAB1-4320-8654-D21FBF3033DB}
	EndGlobalSection
EndGlobal
