
Microsoft Visual Studio Solution File, Format Version 12.00
# Visual Studio Version 17
VisualStudioVersion = 17.7.34009.444
MinimumVisualStudioVersion = 10.0.40219.1
Project("{8BC9CEB8-8B4A-11D0-8D11-00A0C91BC942}") = "W5", "W5\W5.vcxproj", "{0334FA05-DE76-4289-9350-7F629D81725D}"
EndProject
Project("{8BC9CEB8-8B4A-11D0-8D11-00A0C91BC942}") = "W5_1", "W5_1\W5_1.vcxproj", "{3B99EE13-F44F-4616-AB2B-EE696BC3E543}"
EndProject
Project("{8BC9CEB8-8B4A-11D0-8D11-00A0C91BC942}") = "W5_2", "W5_2\W5_2.vcxproj", "{09777D18-ABE5-44B6-BF52-9F188547D525}"
EndProject
Project("{8BC9CEB8-8B4A-11D0-8D11-00A0C91BC942}") = "W5_3", "W5_3\W5_3.vcxproj", "{1859B9F4-D484-40C3-AE0D-AD1C575A6ABE}"
EndProject
Project("{8BC9CEB8-8B4A-11D0-8D11-00A0C91BC942}") = "W5_5", "W5_5\W5_5.vcxproj", "{60C38E68-8DAE-48A2-837E-FE428DCFE55B}"
EndProject
Project("{8BC9CEB8-8B4A-11D0-8D11-00A0C91BC942}") = "W5_6", "W5_6\W5_6.vcxproj", "{118A778D-648E-40A8-A403-E523B3A34DDE}"
EndProject
Global
	GlobalSection(SolutionConfigurationPlatforms) = preSolution
		Debug|x64 = Debug|x64
		Debug|x86 = Debug|x86
		Release|x64 = Release|x64
		Release|x86 = Release|x86
	EndGlobalSection
	GlobalSection(ProjectConfigurationPlatforms) = postSolution
		{0334FA05-DE76-4289-9350-7F629D81725D}.Debug|x64.ActiveCfg = Debug|x64
		{0334FA05-DE76-4289-9350-7F629D81725D}.Debug|x64.Build.0 = Debug|x64
		{0334FA05-DE76-4289-9350-7F629D81725D}.Debug|x86.ActiveCfg = Debug|Win32
		{0334FA05-DE76-4289-9350-7F629D81725D}.Debug|x86.Build.0 = Debug|Win32
		{0334FA05-DE76-4289-9350-7F629D81725D}.Release|x64.ActiveCfg = Release|x64
		{0334FA05-DE76-4289-9350-7F629D81725D}.Release|x64.Build.0 = Release|x64
		{0334FA05-DE76-4289-9350-7F629D81725D}.Release|x86.ActiveCfg = Release|Win32
		{0334FA05-DE76-4289-9350-7F629D81725D}.Release|x86.Build.0 = Release|Win32
		{3B99EE13-F44F-4616-AB2B-EE696BC3E543}.Debug|x64.ActiveCfg = Debug|x64
		{3B99EE13-F44F-4616-AB2B-EE696BC3E543}.Debug|x64.Build.0 = Debug|x64
		{3B99EE13-F44F-4616-AB2B-EE696BC3E543}.Debug|x86.ActiveCfg = Debug|Win32
		{3B99EE13-F44F-4616-AB2B-EE696BC3E543}.Debug|x86.Build.0 = Debug|Win32
		{3B99EE13-F44F-4616-AB2B-EE696BC3E543}.Release|x64.ActiveCfg = Release|x64
		{3B99EE13-F44F-4616-AB2B-EE696BC3E543}.Release|x64.Build.0 = Release|x64
		{3B99EE13-F44F-4616-AB2B-EE696BC3E543}.Release|x86.ActiveCfg = Release|Win32
		{3B99EE13-F44F-4616-AB2B-EE696BC3E543}.Release|x86.Build.0 = Release|Win32
		{09777D18-ABE5-44B6-BF52-9F188547D525}.Debug|x64.ActiveCfg = Debug|x64
		{09777D18-ABE5-44B6-BF52-9F188547D525}.Debug|x64.Build.0 = Debug|x64
		{09777D18-ABE5-44B6-BF52-9F188547D525}.Debug|x86.ActiveCfg = Debug|Win32
		{09777D18-ABE5-44B6-BF52-9F188547D525}.Debug|x86.Build.0 = Debug|Win32
		{09777D18-ABE5-44B6-BF52-9F188547D525}.Release|x64.ActiveCfg = Release|x64
		{09777D18-ABE5-44B6-BF52-9F188547D525}.Release|x64.Build.0 = Release|x64
		{09777D18-ABE5-44B6-BF52-9F188547D525}.Release|x86.ActiveCfg = Release|Win32
		{09777D18-ABE5-44B6-BF52-9F188547D525}.Release|x86.Build.0 = Release|Win32
		{1859B9F4-D484-40C3-AE0D-AD1C575A6ABE}.Debug|x64.ActiveCfg = Debug|x64
		{1859B9F4-D484-40C3-AE0D-AD1C575A6ABE}.Debug|x64.Build.0 = Debug|x64
		{1859B9F4-D484-40C3-AE0D-AD1C575A6ABE}.Debug|x86.ActiveCfg = Debug|Win32
		{1859B9F4-D484-40C3-AE0D-AD1C575A6ABE}.Debug|x86.Build.0 = Debug|Win32
		{1859B9F4-D484-40C3-AE0D-AD1C575A6ABE}.Release|x64.ActiveCfg = Release|x64
		{1859B9F4-D484-40C3-AE0D-AD1C575A6ABE}.Release|x64.Build.0 = Release|x64
		{1859B9F4-D484-40C3-AE0D-AD1C575A6ABE}.Release|x86.ActiveCfg = Release|Win32
		{1859B9F4-D484-40C3-AE0D-AD1C575A6ABE}.Release|x86.Build.0 = Release|Win32
		{60C38E68-8DAE-48A2-837E-FE428DCFE55B}.Debug|x64.ActiveCfg = Debug|x64
		{60C38E68-8DAE-48A2-837E-FE428DCFE55B}.Debug|x64.Build.0 = Debug|x64
		{60C38E68-8DAE-48A2-837E-FE428DCFE55B}.Debug|x86.ActiveCfg = Debug|Win32
		{60C38E68-8DAE-48A2-837E-FE428DCFE55B}.Debug|x86.Build.0 = Debug|Win32
		{60C38E68-8DAE-48A2-837E-FE428DCFE55B}.Release|x64.ActiveCfg = Release|x64
		{60C38E68-8DAE-48A2-837E-FE428DCFE55B}.Release|x64.Build.0 = Release|x64
		{60C38E68-8DAE-48A2-837E-FE428DCFE55B}.Release|x86.ActiveCfg = Release|Win32
		{60C38E68-8DAE-48A2-837E-FE428DCFE55B}.Release|x86.Build.0 = Release|Win32
		{118A778D-648E-40A8-A403-E523B3A34DDE}.Debug|x64.ActiveCfg = Debug|x64
		{118A778D-648E-40A8-A403-E523B3A34DDE}.Debug|x64.Build.0 = Debug|x64
		{118A778D-648E-40A8-A403-E523B3A34DDE}.Debug|x86.ActiveCfg = Debug|Win32
		{118A778D-648E-40A8-A403-E523B3A34DDE}.Debug|x86.Build.0 = Debug|Win32
		{118A778D-648E-40A8-A403-E523B3A34DDE}.Release|x64.ActiveCfg = Release|x64
		{118A778D-648E-40A8-A403-E523B3A34DDE}.Release|x64.Build.0 = Release|x64
		{118A778D-648E-40A8-A403-E523B3A34DDE}.Release|x86.ActiveCfg = Release|Win32
		{118A778D-648E-40A8-A403-E523B3A34DDE}.Release|x86.Build.0 = Release|Win32
	EndGlobalSection
	GlobalSection(SolutionProperties) = preSolution
		HideSolutionNode = FALSE
	EndGlobalSection
	GlobalSection(ExtensibilityGlobals) = postSolution
		SolutionGuid = {EBF01025-F9AE-42A5-8393-6FEEC5717432}
	EndGlobalSection
EndGlobal
