
Microsoft Visual Studio Solution File, Format Version 12.00
# Visual Studio Version 17
VisualStudioVersion = 17.5.002.0
MinimumVisualStudioVersion = 10.0.40219.1
Project("{9A19103F-16F7-4668-BE54-9A1E7A4F7556}") = "HW4", "HW4.csproj", "{FCB41E6E-89B5-49C2-B5F6-7BEA212AA4FC}"
EndProject
Global
	GlobalSection(SolutionConfigurationPlatforms) = preSolution
		Debug|Any CPU = Debug|Any CPU
		Release|Any CPU = Release|Any CPU
	EndGlobalSection
	GlobalSection(ProjectConfigurationPlatforms) = postSolution
		{FCB41E6E-89B5-49C2-B5F6-7BEA212AA4FC}.Debug|Any CPU.ActiveCfg = Debug|Any CPU
		{FCB41E6E-89B5-49C2-B5F6-7BEA212AA4FC}.Debug|Any CPU.Build.0 = Debug|Any CPU
		{FCB41E6E-89B5-49C2-B5F6-7BEA212AA4FC}.Release|Any CPU.ActiveCfg = Release|Any CPU
		{FCB41E6E-89B5-49C2-B5F6-7BEA212AA4FC}.Release|Any CPU.Build.0 = Release|Any CPU
	EndGlobalSection
	GlobalSection(SolutionProperties) = preSolution
		HideSolutionNode = FALSE
	EndGlobalSection
	GlobalSection(ExtensibilityGlobals) = postSolution
		SolutionGuid = {CDEA8FEB-F96F-4DFF-A50C-F35992A0C154}
	EndGlobalSection
EndGlobal
